
Microsoft Visual Studio Solution File, Format Version 12.00
# Visual Studio Version 17
VisualStudioVersion = 17.8.34330.188
MinimumVisualStudioVersion = 10.0.40219.1
Project("{9A19103F-16F7-4668-BE54-9A1E7A4F7556}") = "Backend", "Backend\Backend.csproj", "{5F571CBD-1F82-4A4A-9631-F77E7CB45A8E}"
EndProject
Project("{9A19103F-16F7-4668-BE54-9A1E7A4F7556}") = "Backend.Tests", "Backend.Tests\Backend.Tests.csproj", "{170DE53C-5B17-49F4-9C10-8167C9B3F17C}"
EndProject
Project("{FAE04EC0-301F-11D3-BF4B-00C04F79EFBC}") = "EmailDebugger", "EmailDebugger\EmailDebugger.csproj", "{5DB89601-72DD-47DF-A14A-FAFB3D2A8290}"
EndProject
Global
	GlobalSection(SolutionConfigurationPlatforms) = preSolution
		Debug|Any CPU = Debug|Any CPU
		Release|Any CPU = Release|Any CPU
	EndGlobalSection
	GlobalSection(ProjectConfigurationPlatforms) = postSolution
		{5F571CBD-1F82-4A4A-9631-F77E7CB45A8E}.Debug|Any CPU.ActiveCfg = Debug|Any CPU
		{5F571CBD-1F82-4A4A-9631-F77E7CB45A8E}.Debug|Any CPU.Build.0 = Debug|Any CPU
		{5F571CBD-1F82-4A4A-9631-F77E7CB45A8E}.Release|Any CPU.ActiveCfg = Release|Any CPU
		{5F571CBD-1F82-4A4A-9631-F77E7CB45A8E}.Release|Any CPU.Build.0 = Release|Any CPU
		{170DE53C-5B17-49F4-9C10-8167C9B3F17C}.Debug|Any CPU.ActiveCfg = Debug|Any CPU
		{170DE53C-5B17-49F4-9C10-8167C9B3F17C}.Debug|Any CPU.Build.0 = Debug|Any CPU
		{170DE53C-5B17-49F4-9C10-8167C9B3F17C}.Release|Any CPU.ActiveCfg = Release|Any CPU
		{170DE53C-5B17-49F4-9C10-8167C9B3F17C}.Release|Any CPU.Build.0 = Release|Any CPU
		{5DB89601-72DD-47DF-A14A-FAFB3D2A8290}.Debug|Any CPU.ActiveCfg = Debug|Any CPU
		{5DB89601-72DD-47DF-A14A-FAFB3D2A8290}.Debug|Any CPU.Build.0 = Debug|Any CPU
		{5DB89601-72DD-47DF-A14A-FAFB3D2A8290}.Release|Any CPU.ActiveCfg = Release|Any CPU
		{5DB89601-72DD-47DF-A14A-FAFB3D2A8290}.Release|Any CPU.Build.0 = Release|Any CPU
	EndGlobalSection
	GlobalSection(SolutionProperties) = preSolution
		HideSolutionNode = FALSE
	EndGlobalSection
	GlobalSection(ExtensibilityGlobals) = postSolution
		SolutionGuid = {F1AEAC41-5F4D-4416-B972-755ADFE1048C}
	EndGlobalSection
EndGlobal
